
Microsoft Visual Studio Solution File, Format Version 12.00
# Visual Studio Version 17
VisualStudioVersion = 17.4.33213.308
MinimumVisualStudioVersion = 10.0.40219.1
Project("{FAE04EC0-301F-11D3-BF4B-00C04F79EFBC}") = "mini_project_feb7", "mini_project_feb7\mini_project_feb7.csproj", "{81D75C93-83D0-449D-B25C-62361F164826}"
EndProject
Global
	GlobalSection(SolutionConfigurationPlatforms) = preSolution
		Debug|Any CPU = Debug|Any CPU
		Release|Any CPU = Release|Any CPU
	EndGlobalSection
	GlobalSection(ProjectConfigurationPlatforms) = postSolution
		{81D75C93-83D0-449D-B25C-62361F164826}.Debug|Any CPU.ActiveCfg = Debug|Any CPU
		{81D75C93-83D0-449D-B25C-62361F164826}.Debug|Any CPU.Build.0 = Debug|Any CPU
		{81D75C93-83D0-449D-B25C-62361F164826}.Release|Any CPU.ActiveCfg = Release|Any CPU
		{81D75C93-83D0-449D-B25C-62361F164826}.Release|Any CPU.Build.0 = Release|Any CPU
	EndGlobalSection
	GlobalSection(SolutionProperties) = preSolution
		HideSolutionNode = FALSE
	EndGlobalSection
	GlobalSection(ExtensibilityGlobals) = postSolution
		SolutionGuid = {98203500-9504-4C88-A123-6046C0192EBB}
	EndGlobalSection
EndGlobal
