
Microsoft Visual Studio Solution File, Format Version 12.00
# Visual Studio Version 17
VisualStudioVersion = 17.4.33213.308
MinimumVisualStudioVersion = 10.0.40219.1
Project("{FAE04EC0-301F-11D3-BF4B-00C04F79EFBC}") = "crudApi_feb9", "crudApi_feb9\crudApi_feb9.csproj", "{F8397592-D0D4-4734-AF6C-118D03F161A4}"
EndProject
Global
	GlobalSection(SolutionConfigurationPlatforms) = preSolution
		Debug|Any CPU = Debug|Any CPU
		Release|Any CPU = Release|Any CPU
	EndGlobalSection
	GlobalSection(ProjectConfigurationPlatforms) = postSolution
		{F8397592-D0D4-4734-AF6C-118D03F161A4}.Debug|Any CPU.ActiveCfg = Debug|Any CPU
		{F8397592-D0D4-4734-AF6C-118D03F161A4}.Debug|Any CPU.Build.0 = Debug|Any CPU
		{F8397592-D0D4-4734-AF6C-118D03F161A4}.Release|Any CPU.ActiveCfg = Release|Any CPU
		{F8397592-D0D4-4734-AF6C-118D03F161A4}.Release|Any CPU.Build.0 = Release|Any CPU
	EndGlobalSection
	GlobalSection(SolutionProperties) = preSolution
		HideSolutionNode = FALSE
	EndGlobalSection
	GlobalSection(ExtensibilityGlobals) = postSolution
		SolutionGuid = {720595F2-244C-429F-A9A6-7D0AAF2FCD86}
	EndGlobalSection
EndGlobal
