
Microsoft Visual Studio Solution File, Format Version 12.00
# Visual Studio Version 17
VisualStudioVersion = 17.4.33213.308
MinimumVisualStudioVersion = 10.0.40219.1
Project("{FAE04EC0-301F-11D3-BF4B-00C04F79EFBC}") = "inheritance_feb2", "inheritance_feb2\inheritance_feb2.csproj", "{7CF69430-700F-4735-9BC3-BADC79846F65}"
EndProject
Global
	GlobalSection(SolutionConfigurationPlatforms) = preSolution
		Debug|Any CPU = Debug|Any CPU
		Release|Any CPU = Release|Any CPU
	EndGlobalSection
	GlobalSection(ProjectConfigurationPlatforms) = postSolution
		{7CF69430-700F-4735-9BC3-BADC79846F65}.Debug|Any CPU.ActiveCfg = Debug|Any CPU
		{7CF69430-700F-4735-9BC3-BADC79846F65}.Debug|Any CPU.Build.0 = Debug|Any CPU
		{7CF69430-700F-4735-9BC3-BADC79846F65}.Release|Any CPU.ActiveCfg = Release|Any CPU
		{7CF69430-700F-4735-9BC3-BADC79846F65}.Release|Any CPU.Build.0 = Release|Any CPU
	EndGlobalSection
	GlobalSection(SolutionProperties) = preSolution
		HideSolutionNode = FALSE
	EndGlobalSection
	GlobalSection(ExtensibilityGlobals) = postSolution
		SolutionGuid = {66BC536F-1570-427B-88D1-6F3CCA469098}
	EndGlobalSection
EndGlobal
