
Microsoft Visual Studio Solution File, Format Version 12.00
# Visual Studio Version 17
VisualStudioVersion = 17.4.33213.308
MinimumVisualStudioVersion = 10.0.40219.1
Project("{FAE04EC0-301F-11D3-BF4B-00C04F79EFBC}") = "LibraryManagementSystemMilestone1", "LibraryManagementSystemMilestone1\LibraryManagementSystemMilestone1.csproj", "{731B0058-0AB7-4B35-81AE-8DF317FAF5E1}"
EndProject
Global
	GlobalSection(SolutionConfigurationPlatforms) = preSolution
		Debug|Any CPU = Debug|Any CPU
		Release|Any CPU = Release|Any CPU
	EndGlobalSection
	GlobalSection(ProjectConfigurationPlatforms) = postSolution
		{731B0058-0AB7-4B35-81AE-8DF317FAF5E1}.Debug|Any CPU.ActiveCfg = Debug|Any CPU
		{731B0058-0AB7-4B35-81AE-8DF317FAF5E1}.Debug|Any CPU.Build.0 = Debug|Any CPU
		{731B0058-0AB7-4B35-81AE-8DF317FAF5E1}.Release|Any CPU.ActiveCfg = Release|Any CPU
		{731B0058-0AB7-4B35-81AE-8DF317FAF5E1}.Release|Any CPU.Build.0 = Release|Any CPU
	EndGlobalSection
	GlobalSection(SolutionProperties) = preSolution
		HideSolutionNode = FALSE
	EndGlobalSection
	GlobalSection(ExtensibilityGlobals) = postSolution
		SolutionGuid = {86AE1622-1B1C-4582-99E2-88B5505CFE6E}
	EndGlobalSection
EndGlobal
