
Microsoft Visual Studio Solution File, Format Version 12.00
# Visual Studio Version 17
VisualStudioVersion = 17.4.33213.308
MinimumVisualStudioVersion = 10.0.40219.1
Project("{FAE04EC0-301F-11D3-BF4B-00C04F79EFBC}") = "example_feb8", "example_feb8\example_feb8.csproj", "{FEAC5F02-3E58-4104-88B0-AA9F5312776C}"
EndProject
Global
	GlobalSection(SolutionConfigurationPlatforms) = preSolution
		Debug|Any CPU = Debug|Any CPU
		Release|Any CPU = Release|Any CPU
	EndGlobalSection
	GlobalSection(ProjectConfigurationPlatforms) = postSolution
		{FEAC5F02-3E58-4104-88B0-AA9F5312776C}.Debug|Any CPU.ActiveCfg = Debug|Any CPU
		{FEAC5F02-3E58-4104-88B0-AA9F5312776C}.Debug|Any CPU.Build.0 = Debug|Any CPU
		{FEAC5F02-3E58-4104-88B0-AA9F5312776C}.Release|Any CPU.ActiveCfg = Release|Any CPU
		{FEAC5F02-3E58-4104-88B0-AA9F5312776C}.Release|Any CPU.Build.0 = Release|Any CPU
	EndGlobalSection
	GlobalSection(SolutionProperties) = preSolution
		HideSolutionNode = FALSE
	EndGlobalSection
	GlobalSection(ExtensibilityGlobals) = postSolution
		SolutionGuid = {ACD916F4-5B8E-47E8-BD59-19AA2A09E634}
	EndGlobalSection
EndGlobal
