
Microsoft Visual Studio Solution File, Format Version 12.00
# Visual Studio Version 17
VisualStudioVersion = 17.4.33213.308
MinimumVisualStudioVersion = 10.0.40219.1
Project("{FAE04EC0-301F-11D3-BF4B-00C04F79EFBC}") = "CQRS_Example", "CQRS_Example\CQRS_Example.csproj", "{BB2CBC56-697B-4785-AF37-2F26A2BF4388}"
EndProject
Global
	GlobalSection(SolutionConfigurationPlatforms) = preSolution
		Debug|Any CPU = Debug|Any CPU
		Release|Any CPU = Release|Any CPU
	EndGlobalSection
	GlobalSection(ProjectConfigurationPlatforms) = postSolution
		{BB2CBC56-697B-4785-AF37-2F26A2BF4388}.Debug|Any CPU.ActiveCfg = Debug|Any CPU
		{BB2CBC56-697B-4785-AF37-2F26A2BF4388}.Debug|Any CPU.Build.0 = Debug|Any CPU
		{BB2CBC56-697B-4785-AF37-2F26A2BF4388}.Release|Any CPU.ActiveCfg = Release|Any CPU
		{BB2CBC56-697B-4785-AF37-2F26A2BF4388}.Release|Any CPU.Build.0 = Release|Any CPU
	EndGlobalSection
	GlobalSection(SolutionProperties) = preSolution
		HideSolutionNode = FALSE
	EndGlobalSection
	GlobalSection(ExtensibilityGlobals) = postSolution
		SolutionGuid = {6A471152-E98B-4C68-AB2C-016C2E628D0E}
	EndGlobalSection
EndGlobal
