
Microsoft Visual Studio Solution File, Format Version 12.00
# Visual Studio Version 17
VisualStudioVersion = 17.4.33213.308
MinimumVisualStudioVersion = 10.0.40219.1
Project("{9A19103F-16F7-4668-BE54-9A1E7A4F7556}") = "CQRS Movie", "CQRS Movie\CQRS Movie.csproj", "{E694946F-74CE-4949-8A69-4E0C5ABD54E6}"
EndProject
Project("{FAE04EC0-301F-11D3-BF4B-00C04F79EFBC}") = "CQRSMoviTest_feb17.Tests", "CQRSMoviTest_feb17.Tests\CQRSMoviTest_feb17.Tests.csproj", "{F8CD94F0-14FC-48F9-A70A-387C17C57677}"
EndProject
Global
	GlobalSection(SolutionConfigurationPlatforms) = preSolution
		Debug|Any CPU = Debug|Any CPU
		Release|Any CPU = Release|Any CPU
	EndGlobalSection
	GlobalSection(ProjectConfigurationPlatforms) = postSolution
		{E694946F-74CE-4949-8A69-4E0C5ABD54E6}.Debug|Any CPU.ActiveCfg = Debug|Any CPU
		{E694946F-74CE-4949-8A69-4E0C5ABD54E6}.Debug|Any CPU.Build.0 = Debug|Any CPU
		{E694946F-74CE-4949-8A69-4E0C5ABD54E6}.Release|Any CPU.ActiveCfg = Release|Any CPU
		{E694946F-74CE-4949-8A69-4E0C5ABD54E6}.Release|Any CPU.Build.0 = Release|Any CPU
		{F8CD94F0-14FC-48F9-A70A-387C17C57677}.Debug|Any CPU.ActiveCfg = Debug|Any CPU
		{F8CD94F0-14FC-48F9-A70A-387C17C57677}.Debug|Any CPU.Build.0 = Debug|Any CPU
		{F8CD94F0-14FC-48F9-A70A-387C17C57677}.Release|Any CPU.ActiveCfg = Release|Any CPU
		{F8CD94F0-14FC-48F9-A70A-387C17C57677}.Release|Any CPU.Build.0 = Release|Any CPU
	EndGlobalSection
	GlobalSection(SolutionProperties) = preSolution
		HideSolutionNode = FALSE
	EndGlobalSection
	GlobalSection(ExtensibilityGlobals) = postSolution
		SolutionGuid = {AA1E6140-F0AF-4E17-82E0-7E93C9F7B1E0}
	EndGlobalSection
EndGlobal
