
Microsoft Visual Studio Solution File, Format Version 12.00
# Visual Studio Version 17
VisualStudioVersion = 17.4.33213.308
MinimumVisualStudioVersion = 10.0.40219.1
Project("{FAE04EC0-301F-11D3-BF4B-00C04F79EFBC}") = "string_feb3", "string_feb3\string_feb3.csproj", "{73642610-AB6E-4B93-80AB-131C34037E19}"
EndProject
Global
	GlobalSection(SolutionConfigurationPlatforms) = preSolution
		Debug|Any CPU = Debug|Any CPU
		Release|Any CPU = Release|Any CPU
	EndGlobalSection
	GlobalSection(ProjectConfigurationPlatforms) = postSolution
		{73642610-AB6E-4B93-80AB-131C34037E19}.Debug|Any CPU.ActiveCfg = Debug|Any CPU
		{73642610-AB6E-4B93-80AB-131C34037E19}.Debug|Any CPU.Build.0 = Debug|Any CPU
		{73642610-AB6E-4B93-80AB-131C34037E19}.Release|Any CPU.ActiveCfg = Release|Any CPU
		{73642610-AB6E-4B93-80AB-131C34037E19}.Release|Any CPU.Build.0 = Release|Any CPU
	EndGlobalSection
	GlobalSection(SolutionProperties) = preSolution
		HideSolutionNode = FALSE
	EndGlobalSection
	GlobalSection(ExtensibilityGlobals) = postSolution
		SolutionGuid = {FE270AEF-F1C0-4D59-AA98-7351CABA1E62}
	EndGlobalSection
EndGlobal
