
Microsoft Visual Studio Solution File, Format Version 12.00
# Visual Studio Version 17
VisualStudioVersion = 17.4.33213.308
MinimumVisualStudioVersion = 10.0.40219.1
Project("{FAE04EC0-301F-11D3-BF4B-00C04F79EFBC}") = "crud2_feb9", "crud2_feb9\crud2_feb9.csproj", "{4FAFE3E2-AC26-489A-AAE9-4A7DB325726F}"
EndProject
Global
	GlobalSection(SolutionConfigurationPlatforms) = preSolution
		Debug|Any CPU = Debug|Any CPU
		Release|Any CPU = Release|Any CPU
	EndGlobalSection
	GlobalSection(ProjectConfigurationPlatforms) = postSolution
		{4FAFE3E2-AC26-489A-AAE9-4A7DB325726F}.Debug|Any CPU.ActiveCfg = Debug|Any CPU
		{4FAFE3E2-AC26-489A-AAE9-4A7DB325726F}.Debug|Any CPU.Build.0 = Debug|Any CPU
		{4FAFE3E2-AC26-489A-AAE9-4A7DB325726F}.Release|Any CPU.ActiveCfg = Release|Any CPU
		{4FAFE3E2-AC26-489A-AAE9-4A7DB325726F}.Release|Any CPU.Build.0 = Release|Any CPU
	EndGlobalSection
	GlobalSection(SolutionProperties) = preSolution
		HideSolutionNode = FALSE
	EndGlobalSection
	GlobalSection(ExtensibilityGlobals) = postSolution
		SolutionGuid = {543F538C-9CEA-43C8-8BD3-64D6F2470A53}
	EndGlobalSection
EndGlobal
