
Microsoft Visual Studio Solution File, Format Version 12.00
# Visual Studio Version 17
VisualStudioVersion = 17.4.33213.308
MinimumVisualStudioVersion = 10.0.40219.1
Project("{FAE04EC0-301F-11D3-BF4B-00C04F79EFBC}") = "StudentsApi", "StudentsApi\StudentsApi.csproj", "{63D3DB3B-DD20-4562-B8F3-5F1035A895E2}"
EndProject
Global
	GlobalSection(SolutionConfigurationPlatforms) = preSolution
		Debug|Any CPU = Debug|Any CPU
		Release|Any CPU = Release|Any CPU
	EndGlobalSection
	GlobalSection(ProjectConfigurationPlatforms) = postSolution
		{63D3DB3B-DD20-4562-B8F3-5F1035A895E2}.Debug|Any CPU.ActiveCfg = Debug|Any CPU
		{63D3DB3B-DD20-4562-B8F3-5F1035A895E2}.Debug|Any CPU.Build.0 = Debug|Any CPU
		{63D3DB3B-DD20-4562-B8F3-5F1035A895E2}.Release|Any CPU.ActiveCfg = Release|Any CPU
		{63D3DB3B-DD20-4562-B8F3-5F1035A895E2}.Release|Any CPU.Build.0 = Release|Any CPU
	EndGlobalSection
	GlobalSection(SolutionProperties) = preSolution
		HideSolutionNode = FALSE
	EndGlobalSection
	GlobalSection(ExtensibilityGlobals) = postSolution
		SolutionGuid = {86DCB3F4-5CBF-4D8F-BE67-608205931AF3}
	EndGlobalSection
EndGlobal
